<?xml version="1.0" encoding="utf-8"?>
<Project ToolsVersion="4.0" xmlns="http://schemas.microsoft.com/developer/msbuild/2003">
  <ItemGroup>
    <Filter Include="소스 파일">
      <UniqueIdentifier>{4FC737F1-C7A5-4376-A066-2A32D752A2FF}</UniqueIdentifier>
      <Extensions>cpp;c;cc;cxx;c++;cppm;ixx;def;odl;idl;hpj;bat;asm;asmx</Extensions>
    </Filter>
    <Filter Include="헤더 파일">
      <UniqueIdentifier>{93995380-89BD-4b04-88EB-625FBE52EBFB}</UniqueIdentifier>
      <Extensions>h;hh;hpp;hxx;h++;hm;inl;inc;ipp;xsd</Extensions>
    </Filter>
    <Filter Include="리소스 파일">
      <UniqueIdentifier>{67DA6AB6-F800-4c08-8B7A-83BB121AAD01}</UniqueIdentifier>
      <Extensions>rc;ico;cur;bmp;dlg;rc2;rct;bin;rgs;gif;jpg;jpeg;jpe;resx;tiff;tif;png;wav;mfcribbon-ms</Extensions>
    </Filter>
    <Filter Include="소스 파일\01. Engine">
      <UniqueIdentifier>{4a8dd6da-642d-47aa-8390-8dc47633de3b}</UniqueIdentifier>
    </Filter>
    <Filter Include="소스 파일\00. Main">
      <UniqueIdentifier>{ccb9f919-f745-46d1-b0d4-996d1939c3d8}</UniqueIdentifier>
    </Filter>
    <Filter Include="소스 파일\02. Scene">
      <UniqueIdentifier>{87448b19-0365-49ab-8b3f-d1578c3df467}</UniqueIdentifier>
    </Filter>
    <Filter Include="소스 파일\03. Object">
      <UniqueIdentifier>{bd6573ff-ee22-41dd-8ebe-0335158b23ad}</UniqueIdentifier>
    </Filter>
    <Filter Include="소스 파일\97. System">
      <UniqueIdentifier>{51f90053-81f8-49c0-919a-f9f5665530b2}</UniqueIdentifier>
    </Filter>
    <Filter Include="소스 파일\99. Common">
      <UniqueIdentifier>{124f903e-32e4-4149-b93c-549bc9575214}</UniqueIdentifier>
    </Filter>
    <Filter Include="소스 파일\03. Object\00. Object">
      <UniqueIdentifier>{4896d7eb-c5f0-4abc-9944-1518ba9b02c2}</UniqueIdentifier>
    </Filter>
    <Filter Include="소스 파일\03. Object\01. AnimationObject">
      <UniqueIdentifier>{e4eb492b-6331-47a0-988d-3972fce539ff}</UniqueIdentifier>
    </Filter>
    <Filter Include="소스 파일\03. Object\01. AnimationObject\00. AnimationObject">
      <UniqueIdentifier>{429ffd32-9876-41e3-9bc8-b4b1d979efc0}</UniqueIdentifier>
    </Filter>
    <Filter Include="소스 파일\02. Scene\00. Scene">
      <UniqueIdentifier>{00aae40a-d27a-4ad9-a52c-58fca814fe05}</UniqueIdentifier>
    </Filter>
    <Filter Include="소스 파일\03. Object\01. AnimationObject\01. Character">
      <UniqueIdentifier>{ace1adb5-7c6b-47de-8fb5-4e0dc4b6dd24}</UniqueIdentifier>
    </Filter>
    <Filter Include="소스 파일\03. Object\01. AnimationObject\02. Enemies">
      <UniqueIdentifier>{0aef05cb-a9af-47db-b6c6-ffaf7f93e3af}</UniqueIdentifier>
    </Filter>
    <Filter Include="소스 파일\03. Object\01. AnimationObject\02. Enemies\00. Enemies">
      <UniqueIdentifier>{e919994d-fc31-4e72-b756-03ec551f7e18}</UniqueIdentifier>
    </Filter>
    <Filter Include="소스 파일\03. Object\01. AnimationObject\02. Enemies\01. ChainsawBear">
      <UniqueIdentifier>{70c1999c-8a56-44e3-ab86-347fea19afd0}</UniqueIdentifier>
    </Filter>
    <Filter Include="소스 파일\03. Object\01. AnimationObject\02. Enemies\02. Donny">
      <UniqueIdentifier>{a80d6f6f-ee55-4cf7-9d60-2bbe86199038}</UniqueIdentifier>
    </Filter>
    <Filter Include="소스 파일\03. Object\01. AnimationObject\02. Enemies\03. HypnoWormking">
      <UniqueIdentifier>{91b1cf95-a888-47a7-8e5b-cfccd9e81cd7}</UniqueIdentifier>
    </Filter>
    <Filter Include="소스 파일\03. Object\01. AnimationObject\02. Enemies\04. BigZombie">
      <UniqueIdentifier>{f144e13c-3b64-4929-aaff-c73633fe2da4}</UniqueIdentifier>
    </Filter>
    <Filter Include="소스 파일\02. Scene\02. GameScene">
      <UniqueIdentifier>{3374dae5-d5b2-441b-b47d-d0bd6cae18e7}</UniqueIdentifier>
    </Filter>
    <Filter Include="소스 파일\02. Scene\03. GameScene2">
      <UniqueIdentifier>{fb6f613a-2723-4add-9b28-8c7aadddf523}</UniqueIdentifier>
    </Filter>
    <Filter Include="소스 파일\02. Scene\01. TitleScene">
      <UniqueIdentifier>{1edeeb5f-4cc6-4752-822b-d0b7ce559698}</UniqueIdentifier>
    </Filter>
    <Filter Include="소스 파일\02. Scene\04. ResultScene">
      <UniqueIdentifier>{6e581a33-04bd-446a-8a66-4cef34b93377}</UniqueIdentifier>
    </Filter>
  </ItemGroup>
  <ItemGroup>
    <ClCompile Include="Engine.cpp">
      <Filter>소스 파일\01. Engine</Filter>
    </ClCompile>
    <ClCompile Include="main.cpp">
      <Filter>소스 파일\00. Main</Filter>
    </ClCompile>
    <ClCompile Include="Object.cpp">
      <Filter>소스 파일\03. Object\00. Object</Filter>
    </ClCompile>
    <ClCompile Include="AnimationObject.cpp">
      <Filter>소스 파일\03. Object\01. AnimationObject\00. AnimationObject</Filter>
    </ClCompile>
    <ClCompile Include="Scene.cpp">
      <Filter>소스 파일\02. Scene\00. Scene</Filter>
    </ClCompile>
    <ClCompile Include="Character.cpp">
      <Filter>소스 파일\03. Object\01. AnimationObject\01. Character</Filter>
    </ClCompile>
    <ClCompile Include="Enemies.cpp">
      <Filter>소스 파일\03. Object\01. AnimationObject\02. Enemies\00. Enemies</Filter>
    </ClCompile>
    <ClCompile Include="BigZombie.cpp">
      <Filter>소스 파일\03. Object\01. AnimationObject\02. Enemies\04. BigZombie</Filter>
    </ClCompile>
    <ClCompile Include="GameScene.cpp">
      <Filter>소스 파일\02. Scene\02. GameScene</Filter>
    </ClCompile>
    <ClCompile Include="GameScene2.cpp">
      <Filter>소스 파일\02. Scene\03. GameScene2</Filter>
    </ClCompile>
    <ClCompile Include="TitleScene.cpp">
      <Filter>소스 파일\02. Scene\01. TitleScene</Filter>
    </ClCompile>
    <ClCompile Include="ResultScene.cpp">
      <Filter>소스 파일\02. Scene\04. ResultScene</Filter>
    </ClCompile>
  </ItemGroup>
  <ItemGroup>
    <ClInclude Include="Engine.h">
      <Filter>소스 파일\01. Engine</Filter>
    </ClInclude>
    <ClInclude Include="framework.h">
      <Filter>소스 파일\99. Common</Filter>
    </ClInclude>
    <ClInclude Include="Object.h">
      <Filter>소스 파일\03. Object\00. Object</Filter>
    </ClInclude>
    <ClInclude Include="AnimationObject.h">
      <Filter>소스 파일\03. Object\01. AnimationObject\00. AnimationObject</Filter>
    </ClInclude>
    <ClInclude Include="Scene.h">
      <Filter>소스 파일\02. Scene\00. Scene</Filter>
    </ClInclude>
    <ClInclude Include="Character.h">
      <Filter>소스 파일\03. Object\01. AnimationObject\01. Character</Filter>
    </ClInclude>
    <ClInclude Include="Enemies.h">
      <Filter>소스 파일\03. Object\01. AnimationObject\02. Enemies\00. Enemies</Filter>
    </ClInclude>
    <ClInclude Include="BigZombie.h">
      <Filter>소스 파일\03. Object\01. AnimationObject\02. Enemies\04. BigZombie</Filter>
    </ClInclude>
    <ClInclude Include="GameScene.h">
      <Filter>소스 파일\02. Scene\02. GameScene</Filter>
    </ClInclude>
    <ClInclude Include="GameScene2.h">
      <Filter>소스 파일\02. Scene\03. GameScene2</Filter>
    </ClInclude>
    <ClInclude Include="TitleScene.h">
      <Filter>소스 파일\02. Scene\01. TitleScene</Filter>
    </ClInclude>
    <ClInclude Include="ResultScene.h">
      <Filter>소스 파일\02. Scene\04. ResultScene</Filter>
    </ClInclude>
  </ItemGroup>
</Project>